// !$*UTF8*$!
{
	archiveVersion = 1;
	classes = {
	};
	objectVersion = 46;
	objects = {

/* Begin PBXBuildFile section */
		3F1C5A8F1DD8FBFE00FB476D /* CrumbCell.swift in Sources */ = {isa = PBXBuildFile; fileRef = 3F1C5A8E1DD8FBFE00FB476D /* CrumbCell.swift */; };
		3F1C5A911DD91BB900FB476D /* ShowCrumbViewController.swift in Sources */ = {isa = PBXBuildFile; fileRef = 3F1C5A901DD91BB900FB476D /* ShowCrumbViewController.swift */; };
		3F8091DF1DD7985400546F6F /* AppDelegate.swift in Sources */ = {isa = PBXBuildFile; fileRef = 3F8091DE1DD7985400546F6F /* AppDelegate.swift */; };
		3F8091E11DD7985400546F6F /* CreateCrumbViewController.swift in Sources */ = {isa = PBXBuildFile; fileRef = 3F8091E01DD7985400546F6F /* CreateCrumbViewController.swift */; };
		3F8091E41DD7985400546F6F /* Main.storyboard in Resources */ = {isa = PBXBuildFile; fileRef = 3F8091E21DD7985400546F6F /* Main.storyboard */; };
		3F8091E61DD7985400546F6F /* Assets.xcassets in Resources */ = {isa = PBXBuildFile; fileRef = 3F8091E51DD7985400546F6F /* Assets.xcassets */; };
		3F8091E91DD7985400546F6F /* LaunchScreen.storyboard in Resources */ = {isa = PBXBuildFile; fileRef = 3F8091E71DD7985400546F6F /* LaunchScreen.storyboard */; };
		3F8091F11DD798D400546F6F /* GoogleService-Info.plist in Resources */ = {isa = PBXBuildFile; fileRef = 3F8091F01DD798D400546F6F /* GoogleService-Info.plist */; };
		3F8091F31DD79B9500546F6F /* CrumbsCollectionViewController.swift in Sources */ = {isa = PBXBuildFile; fileRef = 3F8091F21DD79B9500546F6F /* CrumbsCollectionViewController.swift */; };
		3F8091F51DD79BA200546F6F /* Crumb.swift in Sources */ = {isa = PBXBuildFile; fileRef = 3F8091F41DD79BA200546F6F /* Crumb.swift */; };
		3F8091F71DD79C1000546F6F /* MapKit.framework in Frameworks */ = {isa = PBXBuildFile; fileRef = 3F8091F61DD79C1000546F6F /* MapKit.framework */; };
		3F8091F91DD79CAF00546F6F /* Enums.swift in Sources */ = {isa = PBXBuildFile; fileRef = 3F8091F81DD79CAF00546F6F /* Enums.swift */; };
		E960B08FADFB537E62B71DFC /* Pods_BreadCrumbs.framework in Frameworks */ = {isa = PBXBuildFile; fileRef = BADE46BD82E2763963BD8EAE /* Pods_BreadCrumbs.framework */; };
/* End PBXBuildFile section */

/* Begin PBXFileReference section */
		3F1C5A8E1DD8FBFE00FB476D /* CrumbCell.swift */ = {isa = PBXFileReference; fileEncoding = 4; lastKnownFileType = sourcecode.swift; path = CrumbCell.swift; sourceTree = "<group>"; };
		3F1C5A901DD91BB900FB476D /* ShowCrumbViewController.swift */ = {isa = PBXFileReference; fileEncoding = 4; lastKnownFileType = sourcecode.swift; path = ShowCrumbViewController.swift; sourceTree = "<group>"; };
		3F8091DB1DD7985400546F6F /* BreadCrumbs.app */ = {isa = PBXFileReference; explicitFileType = wrapper.application; includeInIndex = 0; path = BreadCrumbs.app; sourceTree = BUILT_PRODUCTS_DIR; };
		3F8091DE1DD7985400546F6F /* AppDelegate.swift */ = {isa = PBXFileReference; lastKnownFileType = sourcecode.swift; path = AppDelegate.swift; sourceTree = "<group>"; };
		3F8091E01DD7985400546F6F /* CreateCrumbViewController.swift */ = {isa = PBXFileReference; lastKnownFileType = sourcecode.swift; path = CreateCrumbViewController.swift; sourceTree = "<group>"; };
		3F8091E31DD7985400546F6F /* Base */ = {isa = PBXFileReference; lastKnownFileType = file.storyboard; name = Base; path = Base.lproj/Main.storyboard; sourceTree = "<group>"; };
		3F8091E51DD7985400546F6F /* Assets.xcassets */ = {isa = PBXFileReference; lastKnownFileType = folder.assetcatalog; path = Assets.xcassets; sourceTree = "<group>"; };
		3F8091E81DD7985400546F6F /* Base */ = {isa = PBXFileReference; lastKnownFileType = file.storyboard; name = Base; path = Base.lproj/LaunchScreen.storyboard; sourceTree = "<group>"; };
		3F8091EA1DD7985400546F6F /* Info.plist */ = {isa = PBXFileReference; lastKnownFileType = text.plist.xml; path = Info.plist; sourceTree = "<group>"; };
		3F8091F01DD798D400546F6F /* GoogleService-Info.plist */ = {isa = PBXFileReference; fileEncoding = 4; lastKnownFileType = text.plist.xml; path = "GoogleService-Info.plist"; sourceTree = "<group>"; };
		3F8091F21DD79B9500546F6F /* CrumbsCollectionViewController.swift */ = {isa = PBXFileReference; fileEncoding = 4; lastKnownFileType = sourcecode.swift; path = CrumbsCollectionViewController.swift; sourceTree = "<group>"; };
		3F8091F41DD79BA200546F6F /* Crumb.swift */ = {isa = PBXFileReference; fileEncoding = 4; lastKnownFileType = sourcecode.swift; path = Crumb.swift; sourceTree = "<group>"; };
		3F8091F61DD79C1000546F6F /* MapKit.framework */ = {isa = PBXFileReference; lastKnownFileType = wrapper.framework; name = MapKit.framework; path = System/Library/Frameworks/MapKit.framework; sourceTree = SDKROOT; };
		3F8091F81DD79CAF00546F6F /* Enums.swift */ = {isa = PBXFileReference; fileEncoding = 4; lastKnownFileType = sourcecode.swift; path = Enums.swift; sourceTree = "<group>"; };
		4C81C195CB0853A54A7850A6 /* Pods-BreadCrumbs.release.xcconfig */ = {isa = PBXFileReference; includeInIndex = 1; lastKnownFileType = text.xcconfig; name = "Pods-BreadCrumbs.release.xcconfig"; path = "Pods/Target Support Files/Pods-BreadCrumbs/Pods-BreadCrumbs.release.xcconfig"; sourceTree = "<group>"; };
		BADE46BD82E2763963BD8EAE /* Pods_BreadCrumbs.framework */ = {isa = PBXFileReference; explicitFileType = wrapper.framework; includeInIndex = 0; path = Pods_BreadCrumbs.framework; sourceTree = BUILT_PRODUCTS_DIR; };
		D138DE2905CB9D131F653C28 /* Pods-BreadCrumbs.debug.xcconfig */ = {isa = PBXFileReference; includeInIndex = 1; lastKnownFileType = text.xcconfig; name = "Pods-BreadCrumbs.debug.xcconfig"; path = "Pods/Target Support Files/Pods-BreadCrumbs/Pods-BreadCrumbs.debug.xcconfig"; sourceTree = "<group>"; };
/* End PBXFileReference section */

/* Begin PBXFrameworksBuildPhase section */
		3F8091D81DD7985400546F6F /* Frameworks */ = {
			isa = PBXFrameworksBuildPhase;
			buildActionMask = 2147483647;
			files = (
				3F8091F71DD79C1000546F6F /* MapKit.framework in Frameworks */,
				E960B08FADFB537E62B71DFC /* Pods_BreadCrumbs.framework in Frameworks */,
			);
			runOnlyForDeploymentPostprocessing = 0;
		};
/* End PBXFrameworksBuildPhase section */

/* Begin PBXGroup section */
		021743FF1B521B5605375584 /* Pods */ = {
			isa = PBXGroup;
			children = (
				D138DE2905CB9D131F653C28 /* Pods-BreadCrumbs.debug.xcconfig */,
				4C81C195CB0853A54A7850A6 /* Pods-BreadCrumbs.release.xcconfig */,
			);
			name = Pods;
			sourceTree = "<group>";
		};
		279C3E1E4F4CBD52800521EF /* Frameworks */ = {
			isa = PBXGroup;
			children = (
				3F8091F61DD79C1000546F6F /* MapKit.framework */,
				BADE46BD82E2763963BD8EAE /* Pods_BreadCrumbs.framework */,
			);
			name = Frameworks;
			sourceTree = "<group>";
		};
		3F205CC91DD7C9B0002B031A /* Models */ = {
			isa = PBXGroup;
			children = (
				3F8091F41DD79BA200546F6F /* Crumb.swift */,
			);
			name = Models;
			sourceTree = "<group>";
		};
		3F205CCA1DD7C9C9002B031A /* Layouts */ = {
			isa = PBXGroup;
			children = (
				3F8091E21DD7985400546F6F /* Main.storyboard */,
				3F8091E71DD7985400546F6F /* LaunchScreen.storyboard */,
			);
			name = Layouts;
			sourceTree = "<group>";
		};
		3F205CCB1DD7C9D7002B031A /* Controllers */ = {
			isa = PBXGroup;
			children = (
				3F8091E01DD7985400546F6F /* CreateCrumbViewController.swift */,
				3F8091F21DD79B9500546F6F /* CrumbsCollectionViewController.swift */,
				3F1C5A901DD91BB900FB476D /* ShowCrumbViewController.swift */,
			);
			name = Controllers;
			sourceTree = "<group>";
		};
		3F3366241DDA0C31007D8D09 /* Views */ = {
			isa = PBXGroup;
			children = (
				3F1C5A8E1DD8FBFE00FB476D /* CrumbCell.swift */,
			);
			name = Views;
			sourceTree = "<group>";
		};
		3F8091D21DD7985400546F6F = {
			isa = PBXGroup;
			children = (
				3F8091DD1DD7985400546F6F /* BreadCrumbs */,
				3F8091DC1DD7985400546F6F /* Products */,
				021743FF1B521B5605375584 /* Pods */,
				279C3E1E4F4CBD52800521EF /* Frameworks */,
			);
			sourceTree = "<group>";
		};
		3F8091DC1DD7985400546F6F /* Products */ = {
			isa = PBXGroup;
			children = (
				3F8091DB1DD7985400546F6F /* BreadCrumbs.app */,
			);
			name = Products;
			sourceTree = "<group>";
		};
		3F8091DD1DD7985400546F6F /* BreadCrumbs */ = {
			isa = PBXGroup;
			children = (
				3F3366241DDA0C31007D8D09 /* Views */,
				3F8091DE1DD7985400546F6F /* AppDelegate.swift */,
				3F205CCB1DD7C9D7002B031A /* Controllers */,
				3F205CC91DD7C9B0002B031A /* Models */,
				3F205CCA1DD7C9C9002B031A /* Layouts */,
				3F8091E51DD7985400546F6F /* Assets.xcassets */,
				3F8091F01DD798D400546F6F /* GoogleService-Info.plist */,
				3F8091EA1DD7985400546F6F /* Info.plist */,
				3F8091F81DD79CAF00546F6F /* Enums.swift */,
			);
			path = BreadCrumbs;
			sourceTree = "<group>";
		};
/* End PBXGroup section */

/* Begin PBXNativeTarget section */
		3F8091DA1DD7985400546F6F /* BreadCrumbs */ = {
			isa = PBXNativeTarget;
			buildConfigurationList = 3F8091ED1DD7985400546F6F /* Build configuration list for PBXNativeTarget "BreadCrumbs" */;
			buildPhases = (
				9B47494AB23CA8E78F4EE489 /* [CP] Check Pods Manifest.lock */,
				3F8091D71DD7985400546F6F /* Sources */,
				3F8091D81DD7985400546F6F /* Frameworks */,
				3F8091D91DD7985400546F6F /* Resources */,
				76EAB4D7589A4D71815E3B5C /* [CP] Embed Pods Frameworks */,
				6114146AEC615D8EFB6E3006 /* [CP] Copy Pods Resources */,
			);
			buildRules = (
			);
			dependencies = (
			);
			name = BreadCrumbs;
			productName = BreadCrumbs;
			productReference = 3F8091DB1DD7985400546F6F /* BreadCrumbs.app */;
			productType = "com.apple.product-type.application";
		};
/* End PBXNativeTarget section */

/* Begin PBXProject section */
		3F8091D31DD7985400546F6F /* Project object */ = {
			isa = PBXProject;
			attributes = {
				LastSwiftUpdateCheck = 0810;
				LastUpgradeCheck = 0810;
				ORGANIZATIONNAME = ForrestApps;
				TargetAttributes = {
					3F8091DA1DD7985400546F6F = {
						CreatedOnToolsVersion = 8.1;
						DevelopmentTeam = H2562XJSGY;
						ProvisioningStyle = Automatic;
						SystemCapabilities = {
							com.apple.Maps.iOS = {
								enabled = 1;
							};
						};
					};
				};
			};
			buildConfigurationList = 3F8091D61DD7985400546F6F /* Build configuration list for PBXProject "BreadCrumbs" */;
			compatibilityVersion = "Xcode 3.2";
			developmentRegion = English;
			hasScannedForEncodings = 0;
			knownRegions = (
				en,
				Base,
			);
			mainGroup = 3F8091D21DD7985400546F6F;
			productRefGroup = 3F8091DC1DD7985400546F6F /* Products */;
			projectDirPath = "";
			projectRoot = "";
			targets = (
				3F8091DA1DD7985400546F6F /* BreadCrumbs */,
			);
		};
/* End PBXProject section */

/* Begin PBXResourcesBuildPhase section */
		3F8091D91DD7985400546F6F /* Resources */ = {
			isa = PBXResourcesBuildPhase;
			buildActionMask = 2147483647;
			files = (
				3F8091F11DD798D400546F6F /* GoogleService-Info.plist in Resources */,
				3F8091E91DD7985400546F6F /* LaunchScreen.storyboard in Resources */,
				3F8091E61DD7985400546F6F /* Assets.xcassets in Resources */,
				3F8091E41DD7985400546F6F /* Main.storyboard in Resources */,
			);
			runOnlyForDeploymentPostprocessing = 0;
		};
/* End PBXResourcesBuildPhase section */

/* Begin PBXShellScriptBuildPhase section */
		6114146AEC615D8EFB6E3006 /* [CP] Copy Pods Resources */ = {
			isa = PBXShellScriptBuildPhase;
			buildActionMask = 2147483647;
			files = (
			);
			inputPaths = (
			);
			name = "[CP] Copy Pods Resources";
			outputPaths = (
			);
			runOnlyForDeploymentPostprocessing = 0;
			shellPath = /bin/sh;
			shellScript = "\"${SRCROOT}/Pods/Target Support Files/Pods-BreadCrumbs/Pods-BreadCrumbs-resources.sh\"\n";
			showEnvVarsInLog = 0;
		};
		76EAB4D7589A4D71815E3B5C /* [CP] Embed Pods Frameworks */ = {
			isa = PBXShellScriptBuildPhase;
			buildActionMask = 2147483647;
			files = (
			);
			inputPaths = (
			);
			name = "[CP] Embed Pods Frameworks";
			outputPaths = (
			);
			runOnlyForDeploymentPostprocessing = 0;
			shellPath = /bin/sh;
			shellScript = "\"${SRCROOT}/Pods/Target Support Files/Pods-BreadCrumbs/Pods-BreadCrumbs-frameworks.sh\"\n";
			showEnvVarsInLog = 0;
		};
		9B47494AB23CA8E78F4EE489 /* [CP] Check Pods Manifest.lock */ = {
			isa = PBXShellScriptBuildPhase;
			buildActionMask = 2147483647;
			files = (
			);
			inputPaths = (
			);
			name = "[CP] Check Pods Manifest.lock";
			outputPaths = (
			);
			runOnlyForDeploymentPostprocessing = 0;
			shellPath = /bin/sh;
			shellScript = "diff \"${PODS_ROOT}/../Podfile.lock\" \"${PODS_ROOT}/Manifest.lock\" > /dev/null\nif [ $? != 0 ] ; then\n    # print error to STDERR\n    echo \"error: The sandbox is not in sync with the Podfile.lock. Run 'pod install' or update your CocoaPods installation.\" >&2\n    exit 1\nfi\n";
			showEnvVarsInLog = 0;
		};
/* End PBXShellScriptBuildPhase section */

/* Begin PBXSourcesBuildPhase section */
		3F8091D71DD7985400546F6F /* Sources */ = {
			isa = PBXSourcesBuildPhase;
			buildActionMask = 2147483647;
			files = (
				3F8091E11DD7985400546F6F /* CreateCrumbViewController.swift in Sources */,
				3F8091F31DD79B9500546F6F /* CrumbsCollectionViewController.swift in Sources */,
				3F1C5A911DD91BB900FB476D /* ShowCrumbViewController.swift in Sources */,
				3F8091F91DD79CAF00546F6F /* Enums.swift in Sources */,
				3F8091DF1DD7985400546F6F /* AppDelegate.swift in Sources */,
				3F8091F51DD79BA200546F6F /* Crumb.swift in Sources */,
				3F1C5A8F1DD8FBFE00FB476D /* CrumbCell.swift in Sources */,
			);
			runOnlyForDeploymentPostprocessing = 0;
		};
/* End PBXSourcesBuildPhase section */

/* Begin PBXVariantGroup section */
		3F8091E21DD7985400546F6F /* Main.storyboard */ = {
			isa = PBXVariantGroup;
			children = (
				3F8091E31DD7985400546F6F /* Base */,
			);
			name = Main.storyboard;
			sourceTree = "<group>";
		};
		3F8091E71DD7985400546F6F /* LaunchScreen.storyboard */ = {
			isa = PBXVariantGroup;
			children = (
				3F8091E81DD7985400546F6F /* Base */,
			);
			name = LaunchScreen.storyboard;
			sourceTree = "<group>";
		};
/* End PBXVariantGroup section */

/* Begin XCBuildConfiguration section */
		3F8091EB1DD7985400546F6F /* Debug */ = {
			isa = XCBuildConfiguration;
			buildSettings = {
				ALWAYS_SEARCH_USER_PATHS = NO;
				CLANG_ANALYZER_NONNULL = YES;
				CLANG_CXX_LANGUAGE_STANDARD = "gnu++0x";
				CLANG_CXX_LIBRARY = "libc++";
				CLANG_ENABLE_MODULES = YES;
				CLANG_ENABLE_OBJC_ARC = YES;
				CLANG_WARN_BOOL_CONVERSION = YES;
				CLANG_WARN_CONSTANT_CONVERSION = YES;
				CLANG_WARN_DIRECT_OBJC_ISA_USAGE = YES_ERROR;
				CLANG_WARN_DOCUMENTATION_COMMENTS = YES;
				CLANG_WARN_EMPTY_BODY = YES;
				CLANG_WARN_ENUM_CONVERSION = YES;
				CLANG_WARN_INFINITE_RECURSION = YES;
				CLANG_WARN_INT_CONVERSION = YES;
				CLANG_WARN_OBJC_ROOT_CLASS = YES_ERROR;
				CLANG_WARN_SUSPICIOUS_MOVES = YES;
				CLANG_WARN_UNREACHABLE_CODE = YES;
				CLANG_WARN__DUPLICATE_METHOD_MATCH = YES;
				"CODE_SIGN_IDENTITY[sdk=iphoneos*]" = "iPhone Developer";
				COPY_PHASE_STRIP = NO;
				DEBUG_INFORMATION_FORMAT = dwarf;
				ENABLE_STRICT_OBJC_MSGSEND = YES;
				ENABLE_TESTABILITY = YES;
				GCC_C_LANGUAGE_STANDARD = gnu99;
				GCC_DYNAMIC_NO_PIC = NO;
				GCC_NO_COMMON_BLOCKS = YES;
				GCC_OPTIMIZATION_LEVEL = 0;
				GCC_PREPROCESSOR_DEFINITIONS = (
					"DEBUG=1",
					"$(inherited)",
				);
				GCC_WARN_64_TO_32_BIT_CONVERSION = YES;
				GCC_WARN_ABOUT_RETURN_TYPE = YES_ERROR;
				GCC_WARN_UNDECLARED_SELECTOR = YES;
				GCC_WARN_UNINITIALIZED_AUTOS = YES_AGGRESSIVE;
				GCC_WARN_UNUSED_FUNCTION = YES;
				GCC_WARN_UNUSED_VARIABLE = YES;
				IPHONEOS_DEPLOYMENT_TARGET = 10.1;
				MTL_ENABLE_DEBUG_INFO = YES;
				ONLY_ACTIVE_ARCH = YES;
				SDKROOT = iphoneos;
				SWIFT_ACTIVE_COMPILATION_CONDITIONS = DEBUG;
				SWIFT_OPTIMIZATION_LEVEL = "-Onone";
			};
			name = Debug;
		};
		3F8091EC1DD7985400546F6F /* Release */ = {
			isa = XCBuildConfiguration;
			buildSettings = {
				ALWAYS_SEARCH_USER_PATHS = NO;
				CLANG_ANALYZER_NONNULL = YES;
				CLANG_CXX_LANGUAGE_STANDARD = "gnu++0x";
				CLANG_CXX_LIBRARY = "libc++";
				CLANG_ENABLE_MODULES = YES;
				CLANG_ENABLE_OBJC_ARC = YES;
				CLANG_WARN_BOOL_CONVERSION = YES;
				CLANG_WARN_CONSTANT_CONVERSION = YES;
				CLANG_WARN_DIRECT_OBJC_ISA_USAGE = YES_ERROR;
				CLANG_WARN_DOCUMENTATION_COMMENTS = YES;
				CLANG_WARN_EMPTY_BODY = YES;
				CLANG_WARN_ENUM_CONVERSION = YES;
				CLANG_WARN_INFINITE_RECURSION = YES;
				CLANG_WARN_INT_CONVERSION = YES;
				CLANG_WARN_OBJC_ROOT_CLASS = YES_ERROR;
				CLANG_WARN_SUSPICIOUS_MOVES = YES;
				CLANG_WARN_UNREACHABLE_CODE = YES;
				CLANG_WARN__DUPLICATE_METHOD_MATCH = YES;
				"CODE_SIGN_IDENTITY[sdk=iphoneos*]" = "iPhone Developer";
				COPY_PHASE_STRIP = NO;
				DEBUG_INFORMATION_FORMAT = "dwarf-with-dsym";
				ENABLE_NS_ASSERTIONS = NO;
				ENABLE_STRICT_OBJC_MSGSEND = YES;
				GCC_C_LANGUAGE_STANDARD = gnu99;
				GCC_NO_COMMON_BLOCKS = YES;
				GCC_WARN_64_TO_32_BIT_CONVERSION = YES;
				GCC_WARN_ABOUT_RETURN_TYPE = YES_ERROR;
				GCC_WARN_UNDECLARED_SELECTOR = YES;
				GCC_WARN_UNINITIALIZED_AUTOS = YES_AGGRESSIVE;
				GCC_WARN_UNUSED_FUNCTION = YES;
				GCC_WARN_UNUSED_VARIABLE = YES;
				IPHONEOS_DEPLOYMENT_TARGET = 10.1;
				MTL_ENABLE_DEBUG_INFO = NO;
				SDKROOT = iphoneos;
				SWIFT_OPTIMIZATION_LEVEL = "-Owholemodule";
				VALIDATE_PRODUCT = YES;
			};
			name = Release;
		};
		3F8091EE1DD7985400546F6F /* Debug */ = {
			isa = XCBuildConfiguration;
			baseConfigurationReference = D138DE2905CB9D131F653C28 /* Pods-BreadCrumbs.debug.xcconfig */;
			buildSettings = {
				ASSETCATALOG_COMPILER_APPICON_NAME = AppIcon;
				DEVELOPMENT_TEAM = H2562XJSGY;
				INFOPLIST_FILE = BreadCrumbs/Info.plist;
				LD_RUNPATH_SEARCH_PATHS = "$(inherited) @executable_path/Frameworks";
				PRODUCT_BUNDLE_IDENTIFIER = com.ForrestApps.BreadCrumbs;
				PRODUCT_NAME = "$(TARGET_NAME)";
				SWIFT_VERSION = 3.0;
			};
			name = Debug;
		};
		3F8091EF1DD7985400546F6F /* Release */ = {
			isa = XCBuildConfiguration;
			baseConfigurationReference = 4C81C195CB0853A54A7850A6 /* Pods-BreadCrumbs.release.xcconfig */;
			buildSettings = {
				ASSETCATALOG_COMPILER_APPICON_NAME = AppIcon;
				DEVELOPMENT_TEAM = H2562XJSGY;
				INFOPLIST_FILE = BreadCrumbs/Info.plist;
				LD_RUNPATH_SEARCH_PATHS = "$(inherited) @executable_path/Frameworks";
				PRODUCT_BUNDLE_IDENTIFIER = com.ForrestApps.BreadCrumbs;
				PRODUCT_NAME = "$(TARGET_NAME)";
				SWIFT_VERSION = 3.0;
			};
			name = Release;
		};
/* End XCBuildConfiguration section */

/* Begin XCConfigurationList section */
		3F8091D61DD7985400546F6F /* Build configuration list for PBXProject "BreadCrumbs" */ = {
			isa = XCConfigurationList;
			buildConfigurations = (
				3F8091EB1DD7985400546F6F /* Debug */,
				3F8091EC1DD7985400546F6F /* Release */,
			);
			defaultConfigurationIsVisible = 0;
			defaultConfigurationName = Release;
		};
		3F8091ED1DD7985400546F6F /* Build configuration list for PBXNativeTarget "BreadCrumbs" */ = {
			isa = XCConfigurationList;
			buildConfigurations = (
				3F8091EE1DD7985400546F6F /* Debug */,
				3F8091EF1DD7985400546F6F /* Release */,
			);
			defaultConfigurationIsVisible = 0;
			defaultConfigurationName = Release;
		};
/* End XCConfigurationList section */
	};
	rootObject = 3F8091D31DD7985400546F6F /* Project object */;
}
